
Microsoft Visual Studio Solution File, Format Version 12.00
# Visual Studio Version 17
VisualStudioVersion = 17.8.34309.116
MinimumVisualStudioVersion = 10.0.40219.1
Project("{FAE04EC0-301F-11D3-BF4B-00C04F79EFBC}") = "FundamentosBlazorServer", "FundamentosBlazorServer.csproj", "{04AC8A1D-33A6-4321-8F25-CA178908FC78}"
EndProject
Global
	GlobalSection(SolutionConfigurationPlatforms) = preSolution
		Debug|Any CPU = Debug|Any CPU
		Release|Any CPU = Release|Any CPU
	EndGlobalSection
	GlobalSection(ProjectConfigurationPlatforms) = postSolution
		{04AC8A1D-33A6-4321-8F25-CA178908FC78}.Debug|Any CPU.ActiveCfg = Debug|Any CPU
		{04AC8A1D-33A6-4321-8F25-CA178908FC78}.Debug|Any CPU.Build.0 = Debug|Any CPU
		{04AC8A1D-33A6-4321-8F25-CA178908FC78}.Release|Any CPU.ActiveCfg = Release|Any CPU
		{04AC8A1D-33A6-4321-8F25-CA178908FC78}.Release|Any CPU.Build.0 = Release|Any CPU
	EndGlobalSection
	GlobalSection(SolutionProperties) = preSolution
		HideSolutionNode = FALSE
	EndGlobalSection
	GlobalSection(ExtensibilityGlobals) = postSolution
		SolutionGuid = {8DDE07F4-46AC-4766-B3F6-DD320FD66A12}
	EndGlobalSection
EndGlobal
